<Solution>
  <Project Path="OIMS.API/OIMS.API.csproj" />
  <Project Path="OIMS.Application/OIMS.Application.csproj" />
  <Project Path="OIMS.Data/OIMS.Data.csproj" />
  <Project Path="OIMS.Domain/OIMS.Domain.csproj" />
  <Project Path="OIMS.Infrastructure/OIMS.Infrastructure.csproj" />
  <Project Path="OIMS.Tests/OIMS.Tests.csproj" Id="c2d37ca0-69de-499c-a77f-665b0aa78c43" />
</Solution>
